// !$*UTF8*$!
{
	archiveVersion = 1;
	classes = {
	};
	objectVersion = 50;
	objects = {

/* Begin PBXBuildFile section */
		A8169A0D249B81B700CA26F4 /* AppDelegate.swift in Sources */ = {isa = PBXBuildFile; fileRef = A8169A0C249B81B700CA26F4 /* AppDelegate.swift */; };
		A8169A0F249B81B700CA26F4 /* SceneDelegate.swift in Sources */ = {isa = PBXBuildFile; fileRef = A8169A0E249B81B700CA26F4 /* SceneDelegate.swift */; };
		A8169A11249B81B700CA26F4 /* ContentView.swift in Sources */ = {isa = PBXBuildFile; fileRef = A8169A10249B81B700CA26F4 /* ContentView.swift */; };
		A8169A13249B81B800CA26F4 /* Assets.xcassets in Resources */ = {isa = PBXBuildFile; fileRef = A8169A12249B81B800CA26F4 /* Assets.xcassets */; };
		A8169A16249B81B800CA26F4 /* Preview Assets.xcassets in Resources */ = {isa = PBXBuildFile; fileRef = A8169A15249B81B800CA26F4 /* Preview Assets.xcassets */; };
		A8169A19249B81B800CA26F4 /* LaunchScreen.storyboard in Resources */ = {isa = PBXBuildFile; fileRef = A8169A17249B81B800CA26F4 /* LaunchScreen.storyboard */; };
/* End PBXBuildFile section */

/* Begin PBXFileReference section */
		A8169A09249B81B700CA26F4 /* Interactivity.app */ = {isa = PBXFileReference; explicitFileType = wrapper.application; includeInIndex = 0; path = Interactivity.app; sourceTree = BUILT_PRODUCTS_DIR; };
		A8169A0C249B81B700CA26F4 /* AppDelegate.swift */ = {isa = PBXFileReference; lastKnownFileType = sourcecode.swift; path = AppDelegate.swift; sourceTree = "<group>"; };
		A8169A0E249B81B700CA26F4 /* SceneDelegate.swift */ = {isa = PBXFileReference; lastKnownFileType = sourcecode.swift; path = SceneDelegate.swift; sourceTree = "<group>"; };
		A8169A10249B81B700CA26F4 /* ContentView.swift */ = {isa = PBXFileReference; lastKnownFileType = sourcecode.swift; path = ContentView.swift; sourceTree = "<group>"; };
		A8169A12249B81B800CA26F4 /* Assets.xcassets */ = {isa = PBXFileReference; lastKnownFileType = folder.assetcatalog; path = Assets.xcassets; sourceTree = "<group>"; };
		A8169A15249B81B800CA26F4 /* Preview Assets.xcassets */ = {isa = PBXFileReference; lastKnownFileType = folder.assetcatalog; path = "Preview Assets.xcassets"; sourceTree = "<group>"; };
		A8169A18249B81B800CA26F4 /* Base */ = {isa = PBXFileReference; lastKnownFileType = file.storyboard; name = Base; path = Base.lproj/LaunchScreen.storyboard; sourceTree = "<group>"; };
		A8169A1A249B81B800CA26F4 /* Info.plist */ = {isa = PBXFileReference; lastKnownFileType = text.plist.xml; path = Info.plist; sourceTree = "<group>"; };
/* End PBXFileReference section */

/* Begin PBXFrameworksBuildPhase section */
		A8169A06249B81B700CA26F4 /* Frameworks */ = {
			isa = PBXFrameworksBuildPhase;
			buildActionMask = 2147483647;
			files = (
			);
			runOnlyForDeploymentPostprocessing = 0;
		};
/* End PBXFrameworksBuildPhase section */

/* Begin PBXGroup section */
		A8169A00249B81B700CA26F4 = {
			isa = PBXGroup;
			children = (
				A8169A0B249B81B700CA26F4 /* Interactivity */,
				A8169A0A249B81B700CA26F4 /* Products */,
			);
			sourceTree = "<group>";
		};
		A8169A0A249B81B700CA26F4 /* Products */ = {
			isa = PBXGroup;
			children = (
				A8169A09249B81B700CA26F4 /* Interactivity.app */,
			);
			name = Products;
			sourceTree = "<group>";
		};
		A8169A0B249B81B700CA26F4 /* Interactivity */ = {
			isa = PBXGroup;
			children = (
				A8169A0C249B81B700CA26F4 /* AppDelegate.swift */,
				A8169A0E249B81B700CA26F4 /* SceneDelegate.swift */,
				A8169A10249B81B700CA26F4 /* ContentView.swift */,
				A8169A12249B81B800CA26F4 /* Assets.xcassets */,
				A8169A17249B81B800CA26F4 /* LaunchScreen.storyboard */,
				A8169A1A249B81B800CA26F4 /* Info.plist */,
				A8169A14249B81B800CA26F4 /* Preview Content */,
			);
			path = Interactivity;
			sourceTree = "<group>";
		};
		A8169A14249B81B800CA26F4 /* Preview Content */ = {
			isa = PBXGroup;
			children = (
				A8169A15249B81B800CA26F4 /* Preview Assets.xcassets */,
			);
			path = "Preview Content";
			sourceTree = "<group>";
		};
/* End PBXGroup section */

/* Begin PBXNativeTarget section */
		A8169A08249B81B700CA26F4 /* Interactivity */ = {
			isa = PBXNativeTarget;
			buildConfigurationList = A8169A1D249B81B800CA26F4 /* Build configuration list for PBXNativeTarget "Interactivity" */;
			buildPhases = (
				A8169A05249B81B700CA26F4 /* Sources */,
				A8169A06249B81B700CA26F4 /* Frameworks */,
				A8169A07249B81B700CA26F4 /* Resources */,
			);
			buildRules = (
			);
			dependencies = (
			);
			name = Interactivity;
			productName = Interactivity;
			productReference = A8169A09249B81B700CA26F4 /* Interactivity.app */;
			productType = "com.apple.product-type.application";
		};
/* End PBXNativeTarget section */

/* Begin PBXProject section */
		A8169A01249B81B700CA26F4 /* Project object */ = {
			isa = PBXProject;
			attributes = {
				LastSwiftUpdateCheck = 1150;
				LastUpgradeCheck = 1150;
				ORGANIZATIONNAME = Mayank;
				TargetAttributes = {
					A8169A08249B81B700CA26F4 = {
						CreatedOnToolsVersion = 11.5;
					};
				};
			};
			buildConfigurationList = A8169A04249B81B700CA26F4 /* Build configuration list for PBXProject "Interactivity" */;
			compatibilityVersion = "Xcode 9.3";
			developmentRegion = en;
			hasScannedForEncodings = 0;
			knownRegions = (
				en,
				Base,
			);
			mainGroup = A8169A00249B81B700CA26F4;
			productRefGroup = A8169A0A249B81B700CA26F4 /* Products */;
			projectDirPath = "";
			projectRoot = "";
			targets = (
				A8169A08249B81B700CA26F4 /* Interactivity */,
			);
		};
/* End PBXProject section */

/* Begin PBXResourcesBuildPhase section */
		A8169A07249B81B700CA26F4 /* Resources */ = {
			isa = PBXResourcesBuildPhase;
			buildActionMask = 2147483647;
			files = (
				A8169A19249B81B800CA26F4 /* LaunchScreen.storyboard in Resources */,
				A8169A16249B81B800CA26F4 /* Preview Assets.xcassets in Resources */,
				A8169A13249B81B800CA26F4 /* Assets.xcassets in Resources */,
			);
			runOnlyForDeploymentPostprocessing = 0;
		};
/* End PBXResourcesBuildPhase section */

/* Begin PBXSourcesBuildPhase section */
		A8169A05249B81B700CA26F4 /* Sources */ = {
			isa = PBXSourcesBuildPhase;
			buildActionMask = 2147483647;
			files = (
				A8169A0D249B81B700CA26F4 /* AppDelegate.swift in Sources */,
				A8169A0F249B81B700CA26F4 /* SceneDelegate.swift in Sources */,
				A8169A11249B81B700CA26F4 /* ContentView.swift in Sources */,
			);
			runOnlyForDeploymentPostprocessing = 0;
		};
/* End PBXSourcesBuildPhase section */

/* Begin PBXVariantGroup section */
		A8169A17249B81B800CA26F4 /* LaunchScreen.storyboard */ = {
			isa = PBXVariantGroup;
			children = (
				A8169A18249B81B800CA26F4 /* Base */,
			);
			name = LaunchScreen.storyboard;
			sourceTree = "<group>";
		};
/* End PBXVariantGroup section */

/* Begin XCBuildConfiguration section */
		A8169A1B249B81B800CA26F4 /* Debug */ = {
			isa = XCBuildConfiguration;
			buildSettings = {
				ALWAYS_SEARCH_USER_PATHS = NO;
				CLANG_ANALYZER_NONNULL = YES;
				CLANG_ANALYZER_NUMBER_OBJECT_CONVERSION = YES_AGGRESSIVE;
				CLANG_CXX_LANGUAGE_STANDARD = "gnu++14";
				CLANG_CXX_LIBRARY = "libc++";
				CLANG_ENABLE_MODULES = YES;
				CLANG_ENABLE_OBJC_ARC = YES;
				CLANG_ENABLE_OBJC_WEAK = YES;
				CLANG_WARN_BLOCK_CAPTURE_AUTORELEASING = YES;
				CLANG_WARN_BOOL_CONVERSION = YES;
				CLANG_WARN_COMMA = YES;
				CLANG_WARN_CONSTANT_CONVERSION = YES;
				CLANG_WARN_DEPRECATED_OBJC_IMPLEMENTATIONS = YES;
				CLANG_WARN_DIRECT_OBJC_ISA_USAGE = YES_ERROR;
				CLANG_WARN_DOCUMENTATION_COMMENTS = YES;
				CLANG_WARN_EMPTY_BODY = YES;
				CLANG_WARN_ENUM_CONVERSION = YES;
				CLANG_WARN_INFINITE_RECURSION = YES;
				CLANG_WARN_INT_CONVERSION = YES;
				CLANG_WARN_NON_LITERAL_NULL_CONVERSION = YES;
				CLANG_WARN_OBJC_IMPLICIT_RETAIN_SELF = YES;
				CLANG_WARN_OBJC_LITERAL_CONVERSION = YES;
				CLANG_WARN_OBJC_ROOT_CLASS = YES_ERROR;
				CLANG_WARN_RANGE_LOOP_ANALYSIS = YES;
				CLANG_WARN_STRICT_PROTOTYPES = YES;
				CLANG_WARN_SUSPICIOUS_MOVE = YES;
				CLANG_WARN_UNGUARDED_AVAILABILITY = YES_AGGRESSIVE;
				CLANG_WARN_UNREACHABLE_CODE = YES;
				CLANG_WARN__DUPLICATE_METHOD_MATCH = YES;
				COPY_PHASE_STRIP = NO;
				DEBUG_INFORMATION_FORMAT = dwarf;
				ENABLE_STRICT_OBJC_MSGSEND = YES;
				ENABLE_TESTABILITY = YES;
				GCC_C_LANGUAGE_STANDARD = gnu11;
				GCC_DYNAMIC_NO_PIC = NO;
				GCC_NO_COMMON_BLOCKS = YES;
				GCC_OPTIMIZATION_LEVEL = 0;
				GCC_PREPROCESSOR_DEFINITIONS = (
					"DEBUG=1",
					"$(inherited)",
				);
				GCC_WARN_64_TO_32_BIT_CONVERSION = YES;
				GCC_WARN_ABOUT_RETURN_TYPE = YES_ERROR;
				GCC_WARN_UNDECLARED_SELECTOR = YES;
				GCC_WARN_UNINITIALIZED_AUTOS = YES_AGGRESSIVE;
				GCC_WARN_UNUSED_FUNCTION = YES;
				GCC_WARN_UNUSED_VARIABLE = YES;
				IPHONEOS_DEPLOYMENT_TARGET = 13.5;
				MTL_ENABLE_DEBUG_INFO = INCLUDE_SOURCE;
				MTL_FAST_MATH = YES;
				ONLY_ACTIVE_ARCH = YES;
				SDKROOT = iphoneos;
				SWIFT_ACTIVE_COMPILATION_CONDITIONS = DEBUG;
				SWIFT_OPTIMIZATION_LEVEL = "-Onone";
			};
			name = Debug;
		};
		A8169A1C249B81B800CA26F4 /* Release */ = {
			isa = XCBuildConfiguration;
			buildSettings = {
				ALWAYS_SEARCH_USER_PATHS = NO;
				CLANG_ANALYZER_NONNULL = YES;
				CLANG_ANALYZER_NUMBER_OBJECT_CONVERSION = YES_AGGRESSIVE;
				CLANG_CXX_LANGUAGE_STANDARD = "gnu++14";
				CLANG_CXX_LIBRARY = "libc++";
				CLANG_ENABLE_MODULES = YES;
				CLANG_ENABLE_OBJC_ARC = YES;
				CLANG_ENABLE_OBJC_WEAK = YES;
				CLANG_WARN_BLOCK_CAPTURE_AUTORELEASING = YES;
				CLANG_WARN_BOOL_CONVERSION = YES;
				CLANG_WARN_COMMA = YES;
				CLANG_WARN_CONSTANT_CONVERSION = YES;
				CLANG_WARN_DEPRECATED_OBJC_IMPLEMENTATIONS = YES;
				CLANG_WARN_DIRECT_OBJC_ISA_USAGE = YES_ERROR;
				CLANG_WARN_DOCUMENTATION_COMMENTS = YES;
				CLANG_WARN_EMPTY_BODY = YES;
				CLANG_WARN_ENUM_CONVERSION = YES;
				CLANG_WARN_INFINITE_RECURSION = YES;
				CLANG_WARN_INT_CONVERSION = YES;
				CLANG_WARN_NON_LITERAL_NULL_CONVERSION = YES;
				CLANG_WARN_OBJC_IMPLICIT_RETAIN_SELF = YES;
				CLANG_WARN_OBJC_LITERAL_CONVERSION = YES;
				CLANG_WARN_OBJC_ROOT_CLASS = YES_ERROR;
				CLANG_WARN_RANGE_LOOP_ANALYSIS = YES;
				CLANG_WARN_STRICT_PROTOTYPES = YES;
				CLANG_WARN_SUSPICIOUS_MOVE = YES;
				CLANG_WARN_UNGUARDED_AVAILABILITY = YES_AGGRESSIVE;
				CLANG_WARN_UNREACHABLE_CODE = YES;
				CLANG_WARN__DUPLICATE_METHOD_MATCH = YES;
				COPY_PHASE_STRIP = NO;
				DEBUG_INFORMATION_FORMAT = "dwarf-with-dsym";
				ENABLE_NS_ASSERTIONS = NO;
				ENABLE_STRICT_OBJC_MSGSEND = YES;
				GCC_C_LANGUAGE_STANDARD = gnu11;
				GCC_NO_COMMON_BLOCKS = YES;
				GCC_WARN_64_TO_32_BIT_CONVERSION = YES;
				GCC_WARN_ABOUT_RETURN_TYPE = YES_ERROR;
				GCC_WARN_UNDECLARED_SELECTOR = YES;
				GCC_WARN_UNINITIALIZED_AUTOS = YES_AGGRESSIVE;
				GCC_WARN_UNUSED_FUNCTION = YES;
				GCC_WARN_UNUSED_VARIABLE = YES;
				IPHONEOS_DEPLOYMENT_TARGET = 13.5;
				MTL_ENABLE_DEBUG_INFO = NO;
				MTL_FAST_MATH = YES;
				SDKROOT = iphoneos;
				SWIFT_COMPILATION_MODE = wholemodule;
				SWIFT_OPTIMIZATION_LEVEL = "-O";
				VALIDATE_PRODUCT = YES;
			};
			name = Release;
		};
		A8169A1E249B81B800CA26F4 /* Debug */ = {
			isa = XCBuildConfiguration;
			buildSettings = {
				ASSETCATALOG_COMPILER_APPICON_NAME = AppIcon;
				CODE_SIGN_STYLE = Automatic;
				DEVELOPMENT_ASSET_PATHS = "\"Interactivity/Preview Content\"";
				DEVELOPMENT_TEAM = Q7HVAVTGUP;
				ENABLE_PREVIEWS = YES;
				INFOPLIST_FILE = Interactivity/Info.plist;
				LD_RUNPATH_SEARCH_PATHS = (
					"$(inherited)",
					"@executable_path/Frameworks",
				);
				PRODUCT_BUNDLE_IDENTIFIER = "Mayank-Gandhi.Interactivity";
				PRODUCT_NAME = "$(TARGET_NAME)";
				SWIFT_VERSION = 5.0;
				TARGETED_DEVICE_FAMILY = "1,2";
			};
			name = Debug;
		};
		A8169A1F249B81B800CA26F4 /* Release */ = {
			isa = XCBuildConfiguration;
			buildSettings = {
				ASSETCATALOG_COMPILER_APPICON_NAME = AppIcon;
				CODE_SIGN_STYLE = Automatic;
				DEVELOPMENT_ASSET_PATHS = "\"Interactivity/Preview Content\"";
				DEVELOPMENT_TEAM = Q7HVAVTGUP;
				ENABLE_PREVIEWS = YES;
				INFOPLIST_FILE = Interactivity/Info.plist;
				LD_RUNPATH_SEARCH_PATHS = (
					"$(inherited)",
					"@executable_path/Frameworks",
				);
				PRODUCT_BUNDLE_IDENTIFIER = "Mayank-Gandhi.Interactivity";
				PRODUCT_NAME = "$(TARGET_NAME)";
				SWIFT_VERSION = 5.0;
				TARGETED_DEVICE_FAMILY = "1,2";
			};
			name = Release;
		};
/* End XCBuildConfiguration section */

/* Begin XCConfigurationList section */
		A8169A04249B81B700CA26F4 /* Build configuration list for PBXProject "Interactivity" */ = {
			isa = XCConfigurationList;
			buildConfigurations = (
				A8169A1B249B81B800CA26F4 /* Debug */,
				A8169A1C249B81B800CA26F4 /* Release */,
			);
			defaultConfigurationIsVisible = 0;
			defaultConfigurationName = Release;
		};
		A8169A1D249B81B800CA26F4 /* Build configuration list for PBXNativeTarget "Interactivity" */ = {
			isa = XCConfigurationList;
			buildConfigurations = (
				A8169A1E249B81B800CA26F4 /* Debug */,
				A8169A1F249B81B800CA26F4 /* Release */,
			);
			defaultConfigurationIsVisible = 0;
			defaultConfigurationName = Release;
		};
/* End XCConfigurationList section */
	};
	rootObject = A8169A01249B81B700CA26F4 /* Project object */;
}
